
Microsoft Visual Studio Solution File, Format Version 12.00
# Visual Studio Version 16
VisualStudioVersion = 16.0.30011.22
MinimumVisualStudioVersion = 10.0.40219.1
Project("{2150E333-8FDC-42A3-9474-1A3956D46DE8}") = "src", "src", "{67DE0A3E-E482-491F-BBFF-2C22E643B2A2}"
EndProject
Project("{2150E333-8FDC-42A3-9474-1A3956D46DE8}") = "tests", "tests", "{B187AF94-40CF-40C8-88A0-3DF3F39B3425}"
EndProject
Project("{9A19103F-16F7-4668-BE54-9A1E7A4F7556}") = "PriceGetter.Core", "src\PriceGetter.Core\PriceGetter.Core.csproj", "{146CF1F5-EFCE-45F9-B41D-2A7AC9DEC3FF}"
EndProject
Project("{9A19103F-16F7-4668-BE54-9A1E7A4F7556}") = "PriceGetter.ContentProvider", "src\PriceGetter.ContentProvider\PriceGetter.ContentProvider.csproj", "{E2E45802-48E7-4F98-A3B5-D680E07D7D15}"
EndProject
Project("{9A19103F-16F7-4668-BE54-9A1E7A4F7556}") = "PriceGetter.ApplicationServices", "src\PriceGetter.ApplicationServices\PriceGetter.ApplicationServices.csproj", "{D4F303F2-08F1-4E7B-8AD4-7869BE850610}"
EndProject
Project("{9A19103F-16F7-4668-BE54-9A1E7A4F7556}") = "PriceGetter.Contracts", "src\PriceGetter.Contracts\PriceGetter.Contracts.csproj", "{A384254D-B156-4A9F-AA31-FCC1C326785A}"
EndProject
Project("{9A19103F-16F7-4668-BE54-9A1E7A4F7556}") = "PriceGetter.WebClients", "src\PriceGetter.WebClients\PriceGetter.WebClients.csproj", "{E97476D8-50CD-4832-8067-4E508FA8EBB1}"
EndProject
Project("{9A19103F-16F7-4668-BE54-9A1E7A4F7556}") = "PriceGetter.Persistence", "src\PriceGetter.Persistence\PriceGetter.Persistence.csproj", "{9FB0BFA8-1E71-4C44-AA91-7C47A160841B}"
EndProject
Project("{9A19103F-16F7-4668-BE54-9A1E7A4F7556}") = "PriceGetter.Web", "src\PriceGetter.Web\PriceGetter.Web.csproj", "{B9A9418E-E979-4AE3-8F34-C046060D97C0}"
EndProject
Project("{9A19103F-16F7-4668-BE54-9A1E7A4F7556}") = "PriceGetter.Infrastructure", "src\PriceGetter.Infrastructure\PriceGetter.Infrastructure.csproj", "{DF84BAB0-4D42-490A-A3EE-5F055EB22D06}"
EndProject
Project("{9A19103F-16F7-4668-BE54-9A1E7A4F7556}") = "PriceGetter.DomainServices", "src\PriceGetter.DomainServices\PriceGetter.DomainServices.csproj", "{B4D12F73-9EA5-442C-A60E-95B47EFFE29D}"
EndProject
Project("{9A19103F-16F7-4668-BE54-9A1E7A4F7556}") = "PriceGetter.PersistenceEntityFramework", "src\PriceGetter.PersistenceEntityFramework\PriceGetter.PersistenceEntityFramework.csproj", "{5C8D3288-3831-4E1D-9DF4-0779939EC67D}"
EndProject
Project("{9A19103F-16F7-4668-BE54-9A1E7A4F7556}") = "PriceGetter.PersistenceMongo", "src\PriceGetter.PersistenceMongo\PriceGetter.PersistenceMongo.csproj", "{994519FC-116E-4E57-AF9C-1AD0CA8F4FB1}"
EndProject
Project("{9A19103F-16F7-4668-BE54-9A1E7A4F7556}") = "PriceGetter.Quartz", "src\PriceGetter.Quartz\PriceGetter.Quartz.csproj", "{BEE21997-67E9-4391-BA6D-D813C1AC94B0}"
EndProject
Project("{9A19103F-16F7-4668-BE54-9A1E7A4F7556}") = "PriceGetter.TestHelpers", "tests\PriceGetter.TestHelpers\PriceGetter.TestHelpers.csproj", "{E784554D-48C0-4641-B04E-FA94F6AF20DC}"
EndProject
Project("{2150E333-8FDC-42A3-9474-1A3956D46DE8}") = "integration-tests", "integration-tests", "{DF5F25B0-7EC2-48F2-A060-29C9515FCEAD}"
EndProject
Project("{9A19103F-16F7-4668-BE54-9A1E7A4F7556}") = "PriceGetter.PersistenceEntityFramework.IntegrationTests", "tests\integration-tests\PriceGetter.PersistenceEntityFramework.IntegrationTests\PriceGetter.PersistenceEntityFramework.IntegrationTests.csproj", "{64601F4A-5E6A-4284-90C3-93CBF1218E4B}"
EndProject
Project("{2150E333-8FDC-42A3-9474-1A3956D46DE8}") = "unit-tests", "unit-tests", "{4D8A84F7-302E-411F-B144-13A52157EA77}"
EndProject
Project("{9A19103F-16F7-4668-BE54-9A1E7A4F7556}") = "PriceGetter.WebClientsTests", "tests\unit-tests\PriceGetter.WebClientsTests\PriceGetter.WebClientsTests.csproj", "{2D67D076-E8E8-4D5D-9664-AAC16703A257}"
EndProject
Project("{9A19103F-16F7-4668-BE54-9A1E7A4F7556}") = "PriceGetter.WebTests", "tests\unit-tests\PriceGetter.WebTests\PriceGetter.WebTests.csproj", "{EA9E97EC-EA78-4F94-8CB3-7008D3CAA05A}"
EndProject
Project("{9A19103F-16F7-4668-BE54-9A1E7A4F7556}") = "PriceGetter.ApplicationServicesTests", "tests\unit-tests\PriceGetter.ApplicationServicesTests\PriceGetter.ApplicationServicesTests.csproj", "{92EA013A-6BF2-42A1-9DB5-1E7EA5813B81}"
EndProject
Project("{9A19103F-16F7-4668-BE54-9A1E7A4F7556}") = "PriceGetter.ContentProvidersTests", "tests\unit-tests\PriceGetter.ContentProvidersTests\PriceGetter.ContentProvidersTests.csproj", "{4A97062C-0AA2-44AA-81C7-B909BB685AAC}"
EndProject
Project("{9A19103F-16F7-4668-BE54-9A1E7A4F7556}") = "PriceGetter.CoreTests", "tests\unit-tests\PriceGetter.CoreTests\PriceGetter.CoreTests.csproj", "{160F238B-221E-4CAF-BFEB-CAF026D16694}"
EndProject
Project("{9A19103F-16F7-4668-BE54-9A1E7A4F7556}") = "PriceGetter.InfrastructureTests", "tests\unit-tests\PriceGetter.InfrastructureTests\PriceGetter.InfrastructureTests.csproj", "{0AA184C7-FDB0-4796-A486-8A8A41294518}"
EndProject
Project("{9A19103F-16F7-4668-BE54-9A1E7A4F7556}") = "PriceGetter.PersistenceMongoTests", "tests\unit-tests\PriceGetter.PersistenceMongoTests\PriceGetter.PersistenceMongoTests.csproj", "{84FE285B-9387-4F34-9F61-BF2BCE0ACC30}"
EndProject
Project("{FAE04EC0-301F-11D3-BF4B-00C04F79EFBC}") = "PriceGetter.SampleServer.Integration.Tests", "tests\integration-tests\PriceGetter.SampleServer.Integration.Tests\PriceGetter.SampleServer.Integration.Tests.csproj", "{82DF34D0-3129-49D4-97E6-6AA285C31FAB}"
EndProject
Global
	GlobalSection(SolutionConfigurationPlatforms) = preSolution
		Debug|Any CPU = Debug|Any CPU
		Release|Any CPU = Release|Any CPU
	EndGlobalSection
	GlobalSection(ProjectConfigurationPlatforms) = postSolution
		{146CF1F5-EFCE-45F9-B41D-2A7AC9DEC3FF}.Debug|Any CPU.ActiveCfg = Debug|Any CPU
		{146CF1F5-EFCE-45F9-B41D-2A7AC9DEC3FF}.Debug|Any CPU.Build.0 = Debug|Any CPU
		{146CF1F5-EFCE-45F9-B41D-2A7AC9DEC3FF}.Release|Any CPU.ActiveCfg = Release|Any CPU
		{146CF1F5-EFCE-45F9-B41D-2A7AC9DEC3FF}.Release|Any CPU.Build.0 = Release|Any CPU
		{E2E45802-48E7-4F98-A3B5-D680E07D7D15}.Debug|Any CPU.ActiveCfg = Debug|Any CPU
		{E2E45802-48E7-4F98-A3B5-D680E07D7D15}.Debug|Any CPU.Build.0 = Debug|Any CPU
		{E2E45802-48E7-4F98-A3B5-D680E07D7D15}.Release|Any CPU.ActiveCfg = Release|Any CPU
		{E2E45802-48E7-4F98-A3B5-D680E07D7D15}.Release|Any CPU.Build.0 = Release|Any CPU
		{D4F303F2-08F1-4E7B-8AD4-7869BE850610}.Debug|Any CPU.ActiveCfg = Debug|Any CPU
		{D4F303F2-08F1-4E7B-8AD4-7869BE850610}.Debug|Any CPU.Build.0 = Debug|Any CPU
		{D4F303F2-08F1-4E7B-8AD4-7869BE850610}.Release|Any CPU.ActiveCfg = Release|Any CPU
		{D4F303F2-08F1-4E7B-8AD4-7869BE850610}.Release|Any CPU.Build.0 = Release|Any CPU
		{A384254D-B156-4A9F-AA31-FCC1C326785A}.Debug|Any CPU.ActiveCfg = Debug|Any CPU
		{A384254D-B156-4A9F-AA31-FCC1C326785A}.Debug|Any CPU.Build.0 = Debug|Any CPU
		{A384254D-B156-4A9F-AA31-FCC1C326785A}.Release|Any CPU.ActiveCfg = Release|Any CPU
		{A384254D-B156-4A9F-AA31-FCC1C326785A}.Release|Any CPU.Build.0 = Release|Any CPU
		{E97476D8-50CD-4832-8067-4E508FA8EBB1}.Debug|Any CPU.ActiveCfg = Debug|Any CPU
		{E97476D8-50CD-4832-8067-4E508FA8EBB1}.Debug|Any CPU.Build.0 = Debug|Any CPU
		{E97476D8-50CD-4832-8067-4E508FA8EBB1}.Release|Any CPU.ActiveCfg = Release|Any CPU
		{E97476D8-50CD-4832-8067-4E508FA8EBB1}.Release|Any CPU.Build.0 = Release|Any CPU
		{9FB0BFA8-1E71-4C44-AA91-7C47A160841B}.Debug|Any CPU.ActiveCfg = Debug|Any CPU
		{9FB0BFA8-1E71-4C44-AA91-7C47A160841B}.Debug|Any CPU.Build.0 = Debug|Any CPU
		{9FB0BFA8-1E71-4C44-AA91-7C47A160841B}.Release|Any CPU.ActiveCfg = Release|Any CPU
		{9FB0BFA8-1E71-4C44-AA91-7C47A160841B}.Release|Any CPU.Build.0 = Release|Any CPU
		{B9A9418E-E979-4AE3-8F34-C046060D97C0}.Debug|Any CPU.ActiveCfg = Debug|Any CPU
		{B9A9418E-E979-4AE3-8F34-C046060D97C0}.Debug|Any CPU.Build.0 = Debug|Any CPU
		{B9A9418E-E979-4AE3-8F34-C046060D97C0}.Release|Any CPU.ActiveCfg = Release|Any CPU
		{B9A9418E-E979-4AE3-8F34-C046060D97C0}.Release|Any CPU.Build.0 = Release|Any CPU
		{DF84BAB0-4D42-490A-A3EE-5F055EB22D06}.Debug|Any CPU.ActiveCfg = Debug|Any CPU
		{DF84BAB0-4D42-490A-A3EE-5F055EB22D06}.Debug|Any CPU.Build.0 = Debug|Any CPU
		{DF84BAB0-4D42-490A-A3EE-5F055EB22D06}.Release|Any CPU.ActiveCfg = Release|Any CPU
		{DF84BAB0-4D42-490A-A3EE-5F055EB22D06}.Release|Any CPU.Build.0 = Release|Any CPU
		{B4D12F73-9EA5-442C-A60E-95B47EFFE29D}.Debug|Any CPU.ActiveCfg = Debug|Any CPU
		{B4D12F73-9EA5-442C-A60E-95B47EFFE29D}.Debug|Any CPU.Build.0 = Debug|Any CPU
		{B4D12F73-9EA5-442C-A60E-95B47EFFE29D}.Release|Any CPU.ActiveCfg = Release|Any CPU
		{B4D12F73-9EA5-442C-A60E-95B47EFFE29D}.Release|Any CPU.Build.0 = Release|Any CPU
		{5C8D3288-3831-4E1D-9DF4-0779939EC67D}.Debug|Any CPU.ActiveCfg = Debug|Any CPU
		{5C8D3288-3831-4E1D-9DF4-0779939EC67D}.Debug|Any CPU.Build.0 = Debug|Any CPU
		{5C8D3288-3831-4E1D-9DF4-0779939EC67D}.Release|Any CPU.ActiveCfg = Release|Any CPU
		{5C8D3288-3831-4E1D-9DF4-0779939EC67D}.Release|Any CPU.Build.0 = Release|Any CPU
		{994519FC-116E-4E57-AF9C-1AD0CA8F4FB1}.Debug|Any CPU.ActiveCfg = Debug|Any CPU
		{994519FC-116E-4E57-AF9C-1AD0CA8F4FB1}.Debug|Any CPU.Build.0 = Debug|Any CPU
		{994519FC-116E-4E57-AF9C-1AD0CA8F4FB1}.Release|Any CPU.ActiveCfg = Release|Any CPU
		{994519FC-116E-4E57-AF9C-1AD0CA8F4FB1}.Release|Any CPU.Build.0 = Release|Any CPU
		{BEE21997-67E9-4391-BA6D-D813C1AC94B0}.Debug|Any CPU.ActiveCfg = Debug|Any CPU
		{BEE21997-67E9-4391-BA6D-D813C1AC94B0}.Debug|Any CPU.Build.0 = Debug|Any CPU
		{BEE21997-67E9-4391-BA6D-D813C1AC94B0}.Release|Any CPU.ActiveCfg = Release|Any CPU
		{BEE21997-67E9-4391-BA6D-D813C1AC94B0}.Release|Any CPU.Build.0 = Release|Any CPU
		{E784554D-48C0-4641-B04E-FA94F6AF20DC}.Debug|Any CPU.ActiveCfg = Debug|Any CPU
		{E784554D-48C0-4641-B04E-FA94F6AF20DC}.Debug|Any CPU.Build.0 = Debug|Any CPU
		{E784554D-48C0-4641-B04E-FA94F6AF20DC}.Release|Any CPU.ActiveCfg = Release|Any CPU
		{E784554D-48C0-4641-B04E-FA94F6AF20DC}.Release|Any CPU.Build.0 = Release|Any CPU
		{64601F4A-5E6A-4284-90C3-93CBF1218E4B}.Debug|Any CPU.ActiveCfg = Debug|Any CPU
		{64601F4A-5E6A-4284-90C3-93CBF1218E4B}.Debug|Any CPU.Build.0 = Debug|Any CPU
		{64601F4A-5E6A-4284-90C3-93CBF1218E4B}.Release|Any CPU.ActiveCfg = Release|Any CPU
		{64601F4A-5E6A-4284-90C3-93CBF1218E4B}.Release|Any CPU.Build.0 = Release|Any CPU
		{2D67D076-E8E8-4D5D-9664-AAC16703A257}.Debug|Any CPU.ActiveCfg = Debug|Any CPU
		{2D67D076-E8E8-4D5D-9664-AAC16703A257}.Debug|Any CPU.Build.0 = Debug|Any CPU
		{2D67D076-E8E8-4D5D-9664-AAC16703A257}.Release|Any CPU.ActiveCfg = Release|Any CPU
		{2D67D076-E8E8-4D5D-9664-AAC16703A257}.Release|Any CPU.Build.0 = Release|Any CPU
		{EA9E97EC-EA78-4F94-8CB3-7008D3CAA05A}.Debug|Any CPU.ActiveCfg = Debug|Any CPU
		{EA9E97EC-EA78-4F94-8CB3-7008D3CAA05A}.Debug|Any CPU.Build.0 = Debug|Any CPU
		{EA9E97EC-EA78-4F94-8CB3-7008D3CAA05A}.Release|Any CPU.ActiveCfg = Release|Any CPU
		{EA9E97EC-EA78-4F94-8CB3-7008D3CAA05A}.Release|Any CPU.Build.0 = Release|Any CPU
		{92EA013A-6BF2-42A1-9DB5-1E7EA5813B81}.Debug|Any CPU.ActiveCfg = Debug|Any CPU
		{92EA013A-6BF2-42A1-9DB5-1E7EA5813B81}.Debug|Any CPU.Build.0 = Debug|Any CPU
		{92EA013A-6BF2-42A1-9DB5-1E7EA5813B81}.Release|Any CPU.ActiveCfg = Release|Any CPU
		{92EA013A-6BF2-42A1-9DB5-1E7EA5813B81}.Release|Any CPU.Build.0 = Release|Any CPU
		{4A97062C-0AA2-44AA-81C7-B909BB685AAC}.Debug|Any CPU.ActiveCfg = Debug|Any CPU
		{4A97062C-0AA2-44AA-81C7-B909BB685AAC}.Debug|Any CPU.Build.0 = Debug|Any CPU
		{4A97062C-0AA2-44AA-81C7-B909BB685AAC}.Release|Any CPU.ActiveCfg = Release|Any CPU
		{4A97062C-0AA2-44AA-81C7-B909BB685AAC}.Release|Any CPU.Build.0 = Release|Any CPU
		{160F238B-221E-4CAF-BFEB-CAF026D16694}.Debug|Any CPU.ActiveCfg = Debug|Any CPU
		{160F238B-221E-4CAF-BFEB-CAF026D16694}.Debug|Any CPU.Build.0 = Debug|Any CPU
		{160F238B-221E-4CAF-BFEB-CAF026D16694}.Release|Any CPU.ActiveCfg = Release|Any CPU
		{160F238B-221E-4CAF-BFEB-CAF026D16694}.Release|Any CPU.Build.0 = Release|Any CPU
		{0AA184C7-FDB0-4796-A486-8A8A41294518}.Debug|Any CPU.ActiveCfg = Debug|Any CPU
		{0AA184C7-FDB0-4796-A486-8A8A41294518}.Debug|Any CPU.Build.0 = Debug|Any CPU
		{0AA184C7-FDB0-4796-A486-8A8A41294518}.Release|Any CPU.ActiveCfg = Release|Any CPU
		{0AA184C7-FDB0-4796-A486-8A8A41294518}.Release|Any CPU.Build.0 = Release|Any CPU
		{84FE285B-9387-4F34-9F61-BF2BCE0ACC30}.Debug|Any CPU.ActiveCfg = Debug|Any CPU
		{84FE285B-9387-4F34-9F61-BF2BCE0ACC30}.Debug|Any CPU.Build.0 = Debug|Any CPU
		{84FE285B-9387-4F34-9F61-BF2BCE0ACC30}.Release|Any CPU.ActiveCfg = Release|Any CPU
		{84FE285B-9387-4F34-9F61-BF2BCE0ACC30}.Release|Any CPU.Build.0 = Release|Any CPU
		{82DF34D0-3129-49D4-97E6-6AA285C31FAB}.Debug|Any CPU.ActiveCfg = Debug|Any CPU
		{82DF34D0-3129-49D4-97E6-6AA285C31FAB}.Debug|Any CPU.Build.0 = Debug|Any CPU
		{82DF34D0-3129-49D4-97E6-6AA285C31FAB}.Release|Any CPU.ActiveCfg = Release|Any CPU
		{82DF34D0-3129-49D4-97E6-6AA285C31FAB}.Release|Any CPU.Build.0 = Release|Any CPU
	EndGlobalSection
	GlobalSection(SolutionProperties) = preSolution
		HideSolutionNode = FALSE
	EndGlobalSection
	GlobalSection(NestedProjects) = preSolution
		{146CF1F5-EFCE-45F9-B41D-2A7AC9DEC3FF} = {67DE0A3E-E482-491F-BBFF-2C22E643B2A2}
		{E2E45802-48E7-4F98-A3B5-D680E07D7D15} = {67DE0A3E-E482-491F-BBFF-2C22E643B2A2}
		{D4F303F2-08F1-4E7B-8AD4-7869BE850610} = {67DE0A3E-E482-491F-BBFF-2C22E643B2A2}
		{A384254D-B156-4A9F-AA31-FCC1C326785A} = {67DE0A3E-E482-491F-BBFF-2C22E643B2A2}
		{E97476D8-50CD-4832-8067-4E508FA8EBB1} = {67DE0A3E-E482-491F-BBFF-2C22E643B2A2}
		{9FB0BFA8-1E71-4C44-AA91-7C47A160841B} = {67DE0A3E-E482-491F-BBFF-2C22E643B2A2}
		{B9A9418E-E979-4AE3-8F34-C046060D97C0} = {67DE0A3E-E482-491F-BBFF-2C22E643B2A2}
		{DF84BAB0-4D42-490A-A3EE-5F055EB22D06} = {67DE0A3E-E482-491F-BBFF-2C22E643B2A2}
		{B4D12F73-9EA5-442C-A60E-95B47EFFE29D} = {67DE0A3E-E482-491F-BBFF-2C22E643B2A2}
		{5C8D3288-3831-4E1D-9DF4-0779939EC67D} = {67DE0A3E-E482-491F-BBFF-2C22E643B2A2}
		{994519FC-116E-4E57-AF9C-1AD0CA8F4FB1} = {67DE0A3E-E482-491F-BBFF-2C22E643B2A2}
		{BEE21997-67E9-4391-BA6D-D813C1AC94B0} = {67DE0A3E-E482-491F-BBFF-2C22E643B2A2}
		{E784554D-48C0-4641-B04E-FA94F6AF20DC} = {B187AF94-40CF-40C8-88A0-3DF3F39B3425}
		{DF5F25B0-7EC2-48F2-A060-29C9515FCEAD} = {B187AF94-40CF-40C8-88A0-3DF3F39B3425}
		{64601F4A-5E6A-4284-90C3-93CBF1218E4B} = {DF5F25B0-7EC2-48F2-A060-29C9515FCEAD}
		{4D8A84F7-302E-411F-B144-13A52157EA77} = {B187AF94-40CF-40C8-88A0-3DF3F39B3425}
		{2D67D076-E8E8-4D5D-9664-AAC16703A257} = {4D8A84F7-302E-411F-B144-13A52157EA77}
		{EA9E97EC-EA78-4F94-8CB3-7008D3CAA05A} = {4D8A84F7-302E-411F-B144-13A52157EA77}
		{92EA013A-6BF2-42A1-9DB5-1E7EA5813B81} = {4D8A84F7-302E-411F-B144-13A52157EA77}
		{4A97062C-0AA2-44AA-81C7-B909BB685AAC} = {4D8A84F7-302E-411F-B144-13A52157EA77}
		{160F238B-221E-4CAF-BFEB-CAF026D16694} = {4D8A84F7-302E-411F-B144-13A52157EA77}
		{0AA184C7-FDB0-4796-A486-8A8A41294518} = {4D8A84F7-302E-411F-B144-13A52157EA77}
		{84FE285B-9387-4F34-9F61-BF2BCE0ACC30} = {4D8A84F7-302E-411F-B144-13A52157EA77}
		{82DF34D0-3129-49D4-97E6-6AA285C31FAB} = {DF5F25B0-7EC2-48F2-A060-29C9515FCEAD}
	EndGlobalSection
	GlobalSection(ExtensibilityGlobals) = postSolution
		SolutionGuid = {B96D14DF-D35E-499A-A192-C731B18AFF8A}
	EndGlobalSection
EndGlobal
