
Microsoft Visual Studio Solution File, Format Version 12.00
# Visual Studio Version 16
VisualStudioVersion = 16.0.30011.22
MinimumVisualStudioVersion = 10.0.40219.1
Project("{2150E333-8FDC-42A3-9474-1A3956D46DE8}") = "src", "src", "{67DE0A3E-E482-491F-BBFF-2C22E643B2A2}"
EndProject
Project("{2150E333-8FDC-42A3-9474-1A3956D46DE8}") = "tests", "tests", "{B187AF94-40CF-40C8-88A0-3DF3F39B3425}"
EndProject
Project("{9A19103F-16F7-4668-BE54-9A1E7A4F7556}") = "PriceGetter.Core", "src\PriceGetter.Core\PriceGetter.Core.csproj", "{146CF1F5-EFCE-45F9-B41D-2A7AC9DEC3FF}"
EndProject
Project("{9A19103F-16F7-4668-BE54-9A1E7A4F7556}") = "PriceGetter.CoreTests", "tests\PriceGetter.CoreTests\PriceGetter.CoreTests.csproj", "{BDAB0F68-71C2-4B6D-8358-7CAE814A3651}"
EndProject
Project("{9A19103F-16F7-4668-BE54-9A1E7A4F7556}") = "PriceGetter.ContentProvider", "src\PriceGetter.ContentProvider\PriceGetter.ContentProvider.csproj", "{E2E45802-48E7-4F98-A3B5-D680E07D7D15}"
EndProject
Project("{9A19103F-16F7-4668-BE54-9A1E7A4F7556}") = "PriceGetter.ApplicationServices", "src\PriceGetter.ApplicationServices\PriceGetter.ApplicationServices.csproj", "{D4F303F2-08F1-4E7B-8AD4-7869BE850610}"
EndProject
Project("{9A19103F-16F7-4668-BE54-9A1E7A4F7556}") = "PriceGetter.Contracts", "src\PriceGetter.Contracts\PriceGetter.Contracts.csproj", "{A384254D-B156-4A9F-AA31-FCC1C326785A}"
EndProject
Project("{9A19103F-16F7-4668-BE54-9A1E7A4F7556}") = "PriceGetter.WebClients", "src\PriceGetter.WebClients\PriceGetter.WebClients.csproj", "{E97476D8-50CD-4832-8067-4E508FA8EBB1}"
EndProject
Project("{9A19103F-16F7-4668-BE54-9A1E7A4F7556}") = "PriceGetter.ContentProvidersTests", "tests\PriceGetter.ContentProvidersTests\PriceGetter.ContentProvidersTests.csproj", "{B3B67913-0876-4152-84F0-762B1D0F7534}"
EndProject
Project("{9A19103F-16F7-4668-BE54-9A1E7A4F7556}") = "PriceGetter.Persistence", "src\PriceGetter.Persistence\PriceGetter.Persistence.csproj", "{9FB0BFA8-1E71-4C44-AA91-7C47A160841B}"
EndProject
Project("{9A19103F-16F7-4668-BE54-9A1E7A4F7556}") = "PriceGetter.Web", "src\PriceGetter.Web\PriceGetter.Web.csproj", "{B9A9418E-E979-4AE3-8F34-C046060D97C0}"
EndProject
Project("{9A19103F-16F7-4668-BE54-9A1E7A4F7556}") = "PriceGetter.WebTests", "tests\PriceGetter.WebTests\PriceGetter.WebTests.csproj", "{D614B942-5044-4B7C-9501-94AFFF0607C7}"
EndProject
Project("{9A19103F-16F7-4668-BE54-9A1E7A4F7556}") = "PriceGetter.InfrastructureTests", "tests\PriceGetter.InfrastructureTests\PriceGetter.InfrastructureTests.csproj", "{3D46112D-2688-4C51-A192-18B72BD7118E}"
EndProject
Project("{9A19103F-16F7-4668-BE54-9A1E7A4F7556}") = "PriceGetter.Infrastructure", "src\PriceGetter.Infrastructure\PriceGetter.Infrastructure.csproj", "{DF84BAB0-4D42-490A-A3EE-5F055EB22D06}"
EndProject
Project("{9A19103F-16F7-4668-BE54-9A1E7A4F7556}") = "PriceGetter.WebClientsTests", "tests\PriceGetter.WebClientsTests\PriceGetter.WebClientsTests.csproj", "{6F1BFA25-F0AF-4188-B1F9-6087691596C6}"
EndProject
Project("{9A19103F-16F7-4668-BE54-9A1E7A4F7556}") = "PriceGetter.DomainServices", "src\PriceGetter.DomainServices\PriceGetter.DomainServices.csproj", "{B4D12F73-9EA5-442C-A60E-95B47EFFE29D}"
EndProject
Project("{9A19103F-16F7-4668-BE54-9A1E7A4F7556}") = "PriceGetter.PersistenceEntityFramework", "src\PriceGetter.PersistenceEntityFramework\PriceGetter.PersistenceEntityFramework.csproj", "{5C8D3288-3831-4E1D-9DF4-0779939EC67D}"
EndProject
Project("{9A19103F-16F7-4668-BE54-9A1E7A4F7556}") = "PriceGetter.PersistenceMongo", "src\PriceGetter.PersistenceMongo\PriceGetter.PersistenceMongo.csproj", "{994519FC-116E-4E57-AF9C-1AD0CA8F4FB1}"
EndProject
Project("{9A19103F-16F7-4668-BE54-9A1E7A4F7556}") = "PriceGetter.PersistenceMongoTests", "tests\PriceGetter.PersistenceMongoTests\PriceGetter.PersistenceMongoTests.csproj", "{AE13DCFE-4342-49C1-B07B-39D57B839DC1}"
EndProject
Project("{FAE04EC0-301F-11D3-BF4B-00C04F79EFBC}") = "PriceGetter.Quartz", "src\PriceGetter.Quartz\PriceGetter.Quartz.csproj", "{BEE21997-67E9-4391-BA6D-D813C1AC94B0}"
EndProject
Global
	GlobalSection(SolutionConfigurationPlatforms) = preSolution
		Debug|Any CPU = Debug|Any CPU
		Release|Any CPU = Release|Any CPU
	EndGlobalSection
	GlobalSection(ProjectConfigurationPlatforms) = postSolution
		{146CF1F5-EFCE-45F9-B41D-2A7AC9DEC3FF}.Debug|Any CPU.ActiveCfg = Debug|Any CPU
		{146CF1F5-EFCE-45F9-B41D-2A7AC9DEC3FF}.Debug|Any CPU.Build.0 = Debug|Any CPU
		{146CF1F5-EFCE-45F9-B41D-2A7AC9DEC3FF}.Release|Any CPU.ActiveCfg = Release|Any CPU
		{146CF1F5-EFCE-45F9-B41D-2A7AC9DEC3FF}.Release|Any CPU.Build.0 = Release|Any CPU
		{BDAB0F68-71C2-4B6D-8358-7CAE814A3651}.Debug|Any CPU.ActiveCfg = Debug|Any CPU
		{BDAB0F68-71C2-4B6D-8358-7CAE814A3651}.Debug|Any CPU.Build.0 = Debug|Any CPU
		{BDAB0F68-71C2-4B6D-8358-7CAE814A3651}.Release|Any CPU.ActiveCfg = Release|Any CPU
		{BDAB0F68-71C2-4B6D-8358-7CAE814A3651}.Release|Any CPU.Build.0 = Release|Any CPU
		{E2E45802-48E7-4F98-A3B5-D680E07D7D15}.Debug|Any CPU.ActiveCfg = Debug|Any CPU
		{E2E45802-48E7-4F98-A3B5-D680E07D7D15}.Debug|Any CPU.Build.0 = Debug|Any CPU
		{E2E45802-48E7-4F98-A3B5-D680E07D7D15}.Release|Any CPU.ActiveCfg = Release|Any CPU
		{E2E45802-48E7-4F98-A3B5-D680E07D7D15}.Release|Any CPU.Build.0 = Release|Any CPU
		{D4F303F2-08F1-4E7B-8AD4-7869BE850610}.Debug|Any CPU.ActiveCfg = Debug|Any CPU
		{D4F303F2-08F1-4E7B-8AD4-7869BE850610}.Debug|Any CPU.Build.0 = Debug|Any CPU
		{D4F303F2-08F1-4E7B-8AD4-7869BE850610}.Release|Any CPU.ActiveCfg = Release|Any CPU
		{D4F303F2-08F1-4E7B-8AD4-7869BE850610}.Release|Any CPU.Build.0 = Release|Any CPU
		{A384254D-B156-4A9F-AA31-FCC1C326785A}.Debug|Any CPU.ActiveCfg = Debug|Any CPU
		{A384254D-B156-4A9F-AA31-FCC1C326785A}.Debug|Any CPU.Build.0 = Debug|Any CPU
		{A384254D-B156-4A9F-AA31-FCC1C326785A}.Release|Any CPU.ActiveCfg = Release|Any CPU
		{A384254D-B156-4A9F-AA31-FCC1C326785A}.Release|Any CPU.Build.0 = Release|Any CPU
		{E97476D8-50CD-4832-8067-4E508FA8EBB1}.Debug|Any CPU.ActiveCfg = Debug|Any CPU
		{E97476D8-50CD-4832-8067-4E508FA8EBB1}.Debug|Any CPU.Build.0 = Debug|Any CPU
		{E97476D8-50CD-4832-8067-4E508FA8EBB1}.Release|Any CPU.ActiveCfg = Release|Any CPU
		{E97476D8-50CD-4832-8067-4E508FA8EBB1}.Release|Any CPU.Build.0 = Release|Any CPU
		{B3B67913-0876-4152-84F0-762B1D0F7534}.Debug|Any CPU.ActiveCfg = Debug|Any CPU
		{B3B67913-0876-4152-84F0-762B1D0F7534}.Debug|Any CPU.Build.0 = Debug|Any CPU
		{B3B67913-0876-4152-84F0-762B1D0F7534}.Release|Any CPU.ActiveCfg = Release|Any CPU
		{B3B67913-0876-4152-84F0-762B1D0F7534}.Release|Any CPU.Build.0 = Release|Any CPU
		{9FB0BFA8-1E71-4C44-AA91-7C47A160841B}.Debug|Any CPU.ActiveCfg = Debug|Any CPU
		{9FB0BFA8-1E71-4C44-AA91-7C47A160841B}.Debug|Any CPU.Build.0 = Debug|Any CPU
		{9FB0BFA8-1E71-4C44-AA91-7C47A160841B}.Release|Any CPU.ActiveCfg = Release|Any CPU
		{9FB0BFA8-1E71-4C44-AA91-7C47A160841B}.Release|Any CPU.Build.0 = Release|Any CPU
		{B9A9418E-E979-4AE3-8F34-C046060D97C0}.Debug|Any CPU.ActiveCfg = Debug|Any CPU
		{B9A9418E-E979-4AE3-8F34-C046060D97C0}.Debug|Any CPU.Build.0 = Debug|Any CPU
		{B9A9418E-E979-4AE3-8F34-C046060D97C0}.Release|Any CPU.ActiveCfg = Release|Any CPU
		{B9A9418E-E979-4AE3-8F34-C046060D97C0}.Release|Any CPU.Build.0 = Release|Any CPU
		{D614B942-5044-4B7C-9501-94AFFF0607C7}.Debug|Any CPU.ActiveCfg = Debug|Any CPU
		{D614B942-5044-4B7C-9501-94AFFF0607C7}.Debug|Any CPU.Build.0 = Debug|Any CPU
		{D614B942-5044-4B7C-9501-94AFFF0607C7}.Release|Any CPU.ActiveCfg = Release|Any CPU
		{D614B942-5044-4B7C-9501-94AFFF0607C7}.Release|Any CPU.Build.0 = Release|Any CPU
		{3D46112D-2688-4C51-A192-18B72BD7118E}.Debug|Any CPU.ActiveCfg = Debug|Any CPU
		{3D46112D-2688-4C51-A192-18B72BD7118E}.Debug|Any CPU.Build.0 = Debug|Any CPU
		{3D46112D-2688-4C51-A192-18B72BD7118E}.Release|Any CPU.ActiveCfg = Release|Any CPU
		{3D46112D-2688-4C51-A192-18B72BD7118E}.Release|Any CPU.Build.0 = Release|Any CPU
		{DF84BAB0-4D42-490A-A3EE-5F055EB22D06}.Debug|Any CPU.ActiveCfg = Debug|Any CPU
		{DF84BAB0-4D42-490A-A3EE-5F055EB22D06}.Debug|Any CPU.Build.0 = Debug|Any CPU
		{DF84BAB0-4D42-490A-A3EE-5F055EB22D06}.Release|Any CPU.ActiveCfg = Release|Any CPU
		{DF84BAB0-4D42-490A-A3EE-5F055EB22D06}.Release|Any CPU.Build.0 = Release|Any CPU
		{6F1BFA25-F0AF-4188-B1F9-6087691596C6}.Debug|Any CPU.ActiveCfg = Debug|Any CPU
		{6F1BFA25-F0AF-4188-B1F9-6087691596C6}.Debug|Any CPU.Build.0 = Debug|Any CPU
		{6F1BFA25-F0AF-4188-B1F9-6087691596C6}.Release|Any CPU.ActiveCfg = Release|Any CPU
		{6F1BFA25-F0AF-4188-B1F9-6087691596C6}.Release|Any CPU.Build.0 = Release|Any CPU
		{B4D12F73-9EA5-442C-A60E-95B47EFFE29D}.Debug|Any CPU.ActiveCfg = Debug|Any CPU
		{B4D12F73-9EA5-442C-A60E-95B47EFFE29D}.Debug|Any CPU.Build.0 = Debug|Any CPU
		{B4D12F73-9EA5-442C-A60E-95B47EFFE29D}.Release|Any CPU.ActiveCfg = Release|Any CPU
		{B4D12F73-9EA5-442C-A60E-95B47EFFE29D}.Release|Any CPU.Build.0 = Release|Any CPU
		{5C8D3288-3831-4E1D-9DF4-0779939EC67D}.Debug|Any CPU.ActiveCfg = Debug|Any CPU
		{5C8D3288-3831-4E1D-9DF4-0779939EC67D}.Debug|Any CPU.Build.0 = Debug|Any CPU
		{5C8D3288-3831-4E1D-9DF4-0779939EC67D}.Release|Any CPU.ActiveCfg = Release|Any CPU
		{5C8D3288-3831-4E1D-9DF4-0779939EC67D}.Release|Any CPU.Build.0 = Release|Any CPU
		{994519FC-116E-4E57-AF9C-1AD0CA8F4FB1}.Debug|Any CPU.ActiveCfg = Debug|Any CPU
		{994519FC-116E-4E57-AF9C-1AD0CA8F4FB1}.Debug|Any CPU.Build.0 = Debug|Any CPU
		{994519FC-116E-4E57-AF9C-1AD0CA8F4FB1}.Release|Any CPU.ActiveCfg = Release|Any CPU
		{994519FC-116E-4E57-AF9C-1AD0CA8F4FB1}.Release|Any CPU.Build.0 = Release|Any CPU
		{AE13DCFE-4342-49C1-B07B-39D57B839DC1}.Debug|Any CPU.ActiveCfg = Debug|Any CPU
		{AE13DCFE-4342-49C1-B07B-39D57B839DC1}.Debug|Any CPU.Build.0 = Debug|Any CPU
		{AE13DCFE-4342-49C1-B07B-39D57B839DC1}.Release|Any CPU.ActiveCfg = Release|Any CPU
		{AE13DCFE-4342-49C1-B07B-39D57B839DC1}.Release|Any CPU.Build.0 = Release|Any CPU
		{BEE21997-67E9-4391-BA6D-D813C1AC94B0}.Debug|Any CPU.ActiveCfg = Debug|Any CPU
		{BEE21997-67E9-4391-BA6D-D813C1AC94B0}.Debug|Any CPU.Build.0 = Debug|Any CPU
		{BEE21997-67E9-4391-BA6D-D813C1AC94B0}.Release|Any CPU.ActiveCfg = Release|Any CPU
		{BEE21997-67E9-4391-BA6D-D813C1AC94B0}.Release|Any CPU.Build.0 = Release|Any CPU
	EndGlobalSection
	GlobalSection(SolutionProperties) = preSolution
		HideSolutionNode = FALSE
	EndGlobalSection
	GlobalSection(NestedProjects) = preSolution
		{146CF1F5-EFCE-45F9-B41D-2A7AC9DEC3FF} = {67DE0A3E-E482-491F-BBFF-2C22E643B2A2}
		{BDAB0F68-71C2-4B6D-8358-7CAE814A3651} = {B187AF94-40CF-40C8-88A0-3DF3F39B3425}
		{E2E45802-48E7-4F98-A3B5-D680E07D7D15} = {67DE0A3E-E482-491F-BBFF-2C22E643B2A2}
		{D4F303F2-08F1-4E7B-8AD4-7869BE850610} = {67DE0A3E-E482-491F-BBFF-2C22E643B2A2}
		{A384254D-B156-4A9F-AA31-FCC1C326785A} = {67DE0A3E-E482-491F-BBFF-2C22E643B2A2}
		{E97476D8-50CD-4832-8067-4E508FA8EBB1} = {67DE0A3E-E482-491F-BBFF-2C22E643B2A2}
		{B3B67913-0876-4152-84F0-762B1D0F7534} = {B187AF94-40CF-40C8-88A0-3DF3F39B3425}
		{9FB0BFA8-1E71-4C44-AA91-7C47A160841B} = {67DE0A3E-E482-491F-BBFF-2C22E643B2A2}
		{B9A9418E-E979-4AE3-8F34-C046060D97C0} = {67DE0A3E-E482-491F-BBFF-2C22E643B2A2}
		{D614B942-5044-4B7C-9501-94AFFF0607C7} = {B187AF94-40CF-40C8-88A0-3DF3F39B3425}
		{3D46112D-2688-4C51-A192-18B72BD7118E} = {B187AF94-40CF-40C8-88A0-3DF3F39B3425}
		{DF84BAB0-4D42-490A-A3EE-5F055EB22D06} = {67DE0A3E-E482-491F-BBFF-2C22E643B2A2}
		{6F1BFA25-F0AF-4188-B1F9-6087691596C6} = {B187AF94-40CF-40C8-88A0-3DF3F39B3425}
		{B4D12F73-9EA5-442C-A60E-95B47EFFE29D} = {67DE0A3E-E482-491F-BBFF-2C22E643B2A2}
		{5C8D3288-3831-4E1D-9DF4-0779939EC67D} = {67DE0A3E-E482-491F-BBFF-2C22E643B2A2}
		{994519FC-116E-4E57-AF9C-1AD0CA8F4FB1} = {67DE0A3E-E482-491F-BBFF-2C22E643B2A2}
		{AE13DCFE-4342-49C1-B07B-39D57B839DC1} = {B187AF94-40CF-40C8-88A0-3DF3F39B3425}
		{BEE21997-67E9-4391-BA6D-D813C1AC94B0} = {67DE0A3E-E482-491F-BBFF-2C22E643B2A2}
	EndGlobalSection
	GlobalSection(ExtensibilityGlobals) = postSolution
		SolutionGuid = {B96D14DF-D35E-499A-A192-C731B18AFF8A}
	EndGlobalSection
EndGlobal
